
Microsoft Visual Studio Solution File, Format Version 12.00
# Visual Studio Version 17
VisualStudioVersion = 17.8.34330.188
MinimumVisualStudioVersion = 10.0.40219.1
Project("{2150E333-8FDC-42A3-9474-1A3956D46DE8}") = "BuildingBlocks", "BuildingBlocks", "{C8FAA68A-6391-4C56-A0AA-C9122237CE56}"
EndProject
Project("{2150E333-8FDC-42A3-9474-1A3956D46DE8}") = "Modules", "Modules", "{27E68F57-5420-49C6-9709-CC48044BCFE4}"
EndProject
Project("{2150E333-8FDC-42A3-9474-1A3956D46DE8}") = "Apis", "Apis", "{CF0F183B-E4D2-4FFE-8C93-A9BFD4E4E194}"
EndProject
Project("{2150E333-8FDC-42A3-9474-1A3956D46DE8}") = "Clients", "Clients", "{7EDD25D4-FED6-4CF2-8200-8BAFE05587B9}"
EndProject
Project("{2150E333-8FDC-42A3-9474-1A3956D46DE8}") = "Tests", "Tests", "{0B1F4AC5-B5CB-4502-A05F-4FBDD2EA6750}"
EndProject
Project("{2150E333-8FDC-42A3-9474-1A3956D46DE8}") = "Solution Items", "Solution Items", "{8559B334-24E0-4B8F-A022-8BB970DEF3B2}"
	ProjectSection(SolutionItems) = preProject
		.editorconfig = .editorconfig
		Directory.Build.props = Directory.Build.props
		Directory.Packages.props = Directory.Packages.props
	EndProjectSection
EndProject
Project("{9A19103F-16F7-4668-BE54-9A1E7A4F7556}") = "NexaCommerce.Common", "src\BuildingBlocks\NexaCommerce.Common\NexaCommerce.Common.csproj", "{45998DB5-9636-4F0D-A950-45638F663DBC}"
EndProject
Project("{9A19103F-16F7-4668-BE54-9A1E7A4F7556}") = "NexaCommerce.Infrastructure", "src\BuildingBlocks\NexaCommerce.Infrastructure\NexaCommerce.Infrastructure.csproj", "{D7016E8D-682B-46AC-8B7A-4D1340EFD10B}"
EndProject
Project("{9A19103F-16F7-4668-BE54-9A1E7A4F7556}") = "NexaCommerce.SharedKernel", "src\BuildingBlocks\NexaCommerce.SharedKernel\NexaCommerce.SharedKernel.csproj", "{8295B943-5F5D-48A3-B8CB-94281313E0FE}"
EndProject
Project("{9A19103F-16F7-4668-BE54-9A1E7A4F7556}") = "NexaCommerce.Modules.Identity.Domain", "src\Modules\Identity\NexaCommerce.Modules.Identity.Domain\NexaCommerce.Modules.Identity.Domain.csproj", "{27C07DFB-8AC0-465D-84DE-8EBC59BAC36E}"
EndProject
Project("{2150E333-8FDC-42A3-9474-1A3956D46DE8}") = "Identity", "Identity", "{70283E3F-7625-4142-BC60-6C5AD8A85F8A}"
EndProject
Project("{9A19103F-16F7-4668-BE54-9A1E7A4F7556}") = "NexaCommerce.Modules.Identity.Application", "src\Modules\Identity\NexaCommerce.Modules.Identity.Application\NexaCommerce.Modules.Identity.Application.csproj", "{9668C0CD-9EB8-4679-8935-6710CBAC73E3}"
EndProject
Project("{9A19103F-16F7-4668-BE54-9A1E7A4F7556}") = "NexaCommerce.Modules.Identity.Infrastructure", "src\Modules\Identity\NexaCommerce.Modules.Identity.Infrastructure\NexaCommerce.Modules.Identity.Infrastructure.csproj", "{5BEB3E01-540F-4466-B241-4CFF44F2B4ED}"
EndProject
Project("{9A19103F-16F7-4668-BE54-9A1E7A4F7556}") = "NexaCommerce.Modules.Identity.Api", "src\Modules\Identity\NexaCommerce.Modules.Identity.Api\NexaCommerce.Modules.Identity.Api.csproj", "{F5219B13-D0A2-4E75-89B9-B57CC34442E8}"
EndProject
Project("{2150E333-8FDC-42A3-9474-1A3956D46DE8}") = "Domain", "Domain", "{D29CB292-11D6-44C7-B168-C11466A6EE80}"
EndProject
Project("{2150E333-8FDC-42A3-9474-1A3956D46DE8}") = "Api", "Api", "{10240C3E-21A2-4E9A-B126-21B9E31A5191}"
EndProject
Project("{2150E333-8FDC-42A3-9474-1A3956D46DE8}") = "Application", "Application", "{6299E7CD-601E-4127-BB80-23A021BA77C6}"
EndProject
Project("{2150E333-8FDC-42A3-9474-1A3956D46DE8}") = "Infrastructure", "Infrastructure", "{9359451D-1453-45F2-B2D1-F424FF838878}"
EndProject
Project("{9A19103F-16F7-4668-BE54-9A1E7A4F7556}") = "NexaCommerce.Api", "src\Api\NexaCommerce.Api\NexaCommerce.Api.csproj", "{ABEF17D8-D626-4ABC-89FE-123A22E42A1D}"
EndProject
Project("{2150E333-8FDC-42A3-9474-1A3956D46DE8}") = "docs", "docs", "{A9E27125-D9AD-459D-A069-D53D3219DF69}"
	ProjectSection(SolutionItems) = preProject
		Architecture.md = Architecture.md
	EndProjectSection
EndProject
Global
	GlobalSection(SolutionConfigurationPlatforms) = preSolution
		Debug|Any CPU = Debug|Any CPU
		Release|Any CPU = Release|Any CPU
	EndGlobalSection
	GlobalSection(ProjectConfigurationPlatforms) = postSolution
		{45998DB5-9636-4F0D-A950-45638F663DBC}.Debug|Any CPU.ActiveCfg = Debug|Any CPU
		{45998DB5-9636-4F0D-A950-45638F663DBC}.Debug|Any CPU.Build.0 = Debug|Any CPU
		{45998DB5-9636-4F0D-A950-45638F663DBC}.Release|Any CPU.ActiveCfg = Release|Any CPU
		{45998DB5-9636-4F0D-A950-45638F663DBC}.Release|Any CPU.Build.0 = Release|Any CPU
		{D7016E8D-682B-46AC-8B7A-4D1340EFD10B}.Debug|Any CPU.ActiveCfg = Debug|Any CPU
		{D7016E8D-682B-46AC-8B7A-4D1340EFD10B}.Debug|Any CPU.Build.0 = Debug|Any CPU
		{D7016E8D-682B-46AC-8B7A-4D1340EFD10B}.Release|Any CPU.ActiveCfg = Release|Any CPU
		{D7016E8D-682B-46AC-8B7A-4D1340EFD10B}.Release|Any CPU.Build.0 = Release|Any CPU
		{8295B943-5F5D-48A3-B8CB-94281313E0FE}.Debug|Any CPU.ActiveCfg = Debug|Any CPU
		{8295B943-5F5D-48A3-B8CB-94281313E0FE}.Debug|Any CPU.Build.0 = Debug|Any CPU
		{8295B943-5F5D-48A3-B8CB-94281313E0FE}.Release|Any CPU.ActiveCfg = Release|Any CPU
		{8295B943-5F5D-48A3-B8CB-94281313E0FE}.Release|Any CPU.Build.0 = Release|Any CPU
		{27C07DFB-8AC0-465D-84DE-8EBC59BAC36E}.Debug|Any CPU.ActiveCfg = Debug|Any CPU
		{27C07DFB-8AC0-465D-84DE-8EBC59BAC36E}.Debug|Any CPU.Build.0 = Debug|Any CPU
		{27C07DFB-8AC0-465D-84DE-8EBC59BAC36E}.Release|Any CPU.ActiveCfg = Release|Any CPU
		{27C07DFB-8AC0-465D-84DE-8EBC59BAC36E}.Release|Any CPU.Build.0 = Release|Any CPU
		{9668C0CD-9EB8-4679-8935-6710CBAC73E3}.Debug|Any CPU.ActiveCfg = Debug|Any CPU
		{9668C0CD-9EB8-4679-8935-6710CBAC73E3}.Debug|Any CPU.Build.0 = Debug|Any CPU
		{9668C0CD-9EB8-4679-8935-6710CBAC73E3}.Release|Any CPU.ActiveCfg = Release|Any CPU
		{9668C0CD-9EB8-4679-8935-6710CBAC73E3}.Release|Any CPU.Build.0 = Release|Any CPU
		{5BEB3E01-540F-4466-B241-4CFF44F2B4ED}.Debug|Any CPU.ActiveCfg = Debug|Any CPU
		{5BEB3E01-540F-4466-B241-4CFF44F2B4ED}.Debug|Any CPU.Build.0 = Debug|Any CPU
		{5BEB3E01-540F-4466-B241-4CFF44F2B4ED}.Release|Any CPU.ActiveCfg = Release|Any CPU
		{5BEB3E01-540F-4466-B241-4CFF44F2B4ED}.Release|Any CPU.Build.0 = Release|Any CPU
		{F5219B13-D0A2-4E75-89B9-B57CC34442E8}.Debug|Any CPU.ActiveCfg = Debug|Any CPU
		{F5219B13-D0A2-4E75-89B9-B57CC34442E8}.Debug|Any CPU.Build.0 = Debug|Any CPU
		{F5219B13-D0A2-4E75-89B9-B57CC34442E8}.Release|Any CPU.ActiveCfg = Release|Any CPU
		{F5219B13-D0A2-4E75-89B9-B57CC34442E8}.Release|Any CPU.Build.0 = Release|Any CPU
		{ABEF17D8-D626-4ABC-89FE-123A22E42A1D}.Debug|Any CPU.ActiveCfg = Debug|Any CPU
		{ABEF17D8-D626-4ABC-89FE-123A22E42A1D}.Debug|Any CPU.Build.0 = Debug|Any CPU
		{ABEF17D8-D626-4ABC-89FE-123A22E42A1D}.Release|Any CPU.ActiveCfg = Release|Any CPU
		{ABEF17D8-D626-4ABC-89FE-123A22E42A1D}.Release|Any CPU.Build.0 = Release|Any CPU
	EndGlobalSection
	GlobalSection(SolutionProperties) = preSolution
		HideSolutionNode = FALSE
	EndGlobalSection
	GlobalSection(NestedProjects) = preSolution
		{45998DB5-9636-4F0D-A950-45638F663DBC} = {C8FAA68A-6391-4C56-A0AA-C9122237CE56}
		{D7016E8D-682B-46AC-8B7A-4D1340EFD10B} = {C8FAA68A-6391-4C56-A0AA-C9122237CE56}
		{8295B943-5F5D-48A3-B8CB-94281313E0FE} = {C8FAA68A-6391-4C56-A0AA-C9122237CE56}
		{27C07DFB-8AC0-465D-84DE-8EBC59BAC36E} = {D29CB292-11D6-44C7-B168-C11466A6EE80}
		{70283E3F-7625-4142-BC60-6C5AD8A85F8A} = {27E68F57-5420-49C6-9709-CC48044BCFE4}
		{9668C0CD-9EB8-4679-8935-6710CBAC73E3} = {6299E7CD-601E-4127-BB80-23A021BA77C6}
		{5BEB3E01-540F-4466-B241-4CFF44F2B4ED} = {9359451D-1453-45F2-B2D1-F424FF838878}
		{F5219B13-D0A2-4E75-89B9-B57CC34442E8} = {10240C3E-21A2-4E9A-B126-21B9E31A5191}
		{D29CB292-11D6-44C7-B168-C11466A6EE80} = {70283E3F-7625-4142-BC60-6C5AD8A85F8A}
		{10240C3E-21A2-4E9A-B126-21B9E31A5191} = {70283E3F-7625-4142-BC60-6C5AD8A85F8A}
		{6299E7CD-601E-4127-BB80-23A021BA77C6} = {70283E3F-7625-4142-BC60-6C5AD8A85F8A}
		{9359451D-1453-45F2-B2D1-F424FF838878} = {70283E3F-7625-4142-BC60-6C5AD8A85F8A}
		{ABEF17D8-D626-4ABC-89FE-123A22E42A1D} = {CF0F183B-E4D2-4FFE-8C93-A9BFD4E4E194}
	EndGlobalSection
	GlobalSection(ExtensibilityGlobals) = postSolution
		SolutionGuid = {E79E1CDD-F933-4086-88F3-5E55E143DC13}
	EndGlobalSection
EndGlobal
